{
  "lockfile_version": "1",
  "packages": {
    "git@latest": {
      "last_modified": "2026-07-05T19:27:47Z",
      "resolved": "github:NixOS/nixpkgs/f205b5574fd0cb7da5b702a2da51507b7f4fdd1b#git",
      "source": "devbox-search",
      "version": "2.54.0",
      "systems": {
        "aarch64-darwin": {
          "outputs": [
            {
              "name": "out",
              "path": "/nix/store/7p841rdaha0pj23srg7lrwpnlaxyr7gr-git-2.54.0",
              "default": true
            },
            {
              "name": "doc",
              "path": "/nix/store/53n75imxnfbr1nbkll4djg98r9vg1lyw-git-2.54.0-doc"
            }
          ],
          "store_path": "/nix/store/7p841rdaha0pj23srg7lrwpnlaxyr7gr-git-2.54.0"
        },
        "aarch64-linux": {
          "outputs": [
            {
              "name": "out",
              "path": "/nix/store/j76bc0jffq323b6kvrckky5152h0pfdk-git-2.54.0",
              "default": true
            },
            {
              "name": "debug",
              "path": "/nix/store/hi8y2a7kxz94pmnfh3k2gp2mzr57xmqd-git-2.54.0-debug"
            },
            {
              "name": "doc",
              "path": "/nix/store/ms4bxp0svz53yzxqwfzp5lwp22v11m7d-git-2.54.0-doc"
            }
          ],
          "store_path": "/nix/store/j76bc0jffq323b6kvrckky5152h0pfdk-git-2.54.0"
        },
        "x86_64-darwin": {
          "outputs": [
            {
              "name": "out",
              "path": "/nix/store/x671lak90qvcxgc5irp4xv5zdbaym2yr-git-2.54.0",
              "default": true
            },
            {
              "name": "doc",
              "path": "/nix/store/zakmjh312hmg2yslsyqmnw8lb8dgmyyk-git-2.54.0-doc"
            }
          ],
          "store_path": "/nix/store/x671lak90qvcxgc5irp4xv5zdbaym2yr-git-2.54.0"
        },
        "x86_64-linux": {
          "outputs": [
            {
              "name": "out",
              "path": "/nix/store/k3wl6cg7q50zkx47af3msmg1yrg1f203-git-2.54.0",
              "default": true
            },
            {
              "name": "doc",
              "path": "/nix/store/9a0f1mfx8n1b8y64qx9999pq70j48ms6-git-2.54.0-doc"
            },
            {
              "name": "debug",
              "path": "/nix/store/7bjwn43x9gcaf249d8l651083ri033dy-git-2.54.0-debug"
            }
          ],
          "store_path": "/nix/store/k3wl6cg7q50zkx47af3msmg1yrg1f203-git-2.54.0"
        }
      }
    },
    "github-cli@latest": {
      "last_modified": "2023-02-24T09:01:09Z",
      "resolved": "github:NixOS/nixpkgs/7d0ed7f2e5aea07ab22ccb338d27fbe347ed2f11#github-cli",
      "source": "devbox-search",
      "version": "2.23.0",
      "systems": {
        "x86_64-linux": {
          "outputs": [
            {
              "path": "/nix/store/asx7ishza3n6lffbzs4m7101ggsmd205-gh-2.23.0",
              "default": true
            }
          ]
        }
      }
    },
    "github:NixOS/nixpkgs/nixpkgs-unstable": {
      "last_modified": "2026-07-13T04:04:42Z",
      "resolved": "github:NixOS/nixpkgs/6cdc7fc76e8bf7fde9fa43a849fcaaa70e230dee?lastModified=1783915482"
    },
    "go@1.26.4": {
      "last_modified": "2026-06-27T07:37:20Z",
      "resolved": "github:NixOS/nixpkgs/3d46470bb3030020f7e1361f33514854f5bfa86d#go",
      "source": "devbox-search",
      "version": "1.26.4",
      "systems": {
        "aarch64-darwin": {
          "outputs": [
            {
              "name": "out",
              "path": "/nix/store/kyai650rrywrzflnwda9mbk2c2j9w68r-go-1.26.4",
              "default": true
            }
          ],
          "store_path": "/nix/store/kyai650rrywrzflnwda9mbk2c2j9w68r-go-1.26.4"
        },
        "aarch64-linux": {
          "outputs": [
            {
              "name": "out",
              "path": "/nix/store/lgcj27hrbanbc93xm9zdrldds7b1jrw8-go-1.26.4",
              "default": true
            }
          ],
          "store_path": "/nix/store/lgcj27hrbanbc93xm9zdrldds7b1jrw8-go-1.26.4"
        },
        "x86_64-darwin": {
          "outputs": [
            {
              "name": "out",
              "path": "/nix/store/h0z6ghmi3cihlbm163d72xs9p9nn04a1-go-1.26.4",
              "default": true
            }
          ],
          "store_path": "/nix/store/h0z6ghmi3cihlbm163d72xs9p9nn04a1-go-1.26.4"
        },
        "x86_64-linux": {
          "outputs": [
            {
              "name": "out",
              "path": "/nix/store/gb0njhqswlc5n127ikgyikvq39r40l6f-go-1.26.4",
              "default": true
            }
          ],
          "store_path": "/nix/store/gb0njhqswlc5n127ikgyikvq39r40l6f-go-1.26.4"
        }
      }
    },
    "govulncheck@latest": {
      "last_modified": "2026-06-27T07:37:20Z",
      "resolved": "github:NixOS/nixpkgs/3d46470bb3030020f7e1361f33514854f5bfa86d#govulncheck",
      "source": "devbox-search",
      "version": "1.5.0",
      "systems": {
        "aarch64-darwin": {
          "outputs": [
            {
              "name": "out",
              "path": "/nix/store/ri0i08k8kwhhwlvk8n7ncx0rbw54pfpb-govulncheck-1.5.0",
              "default": true
            }
          ],
          "store_path": "/nix/store/ri0i08k8kwhhwlvk8n7ncx0rbw54pfpb-govulncheck-1.5.0"
        },
        "aarch64-linux": {
          "outputs": [
            {
              "name": "out",
              "path": "/nix/store/8a8000jbwsandkxcyi2f0s5zbfljap8b-govulncheck-1.5.0",
              "default": true
            }
          ],
          "store_path": "/nix/store/8a8000jbwsandkxcyi2f0s5zbfljap8b-govulncheck-1.5.0"
        },
        "x86_64-darwin": {
          "outputs": [
            {
              "name": "out",
              "path": "/nix/store/ghn47vhrvnjhxfi6mhyvxp7px2xy5z76-govulncheck-1.5.0",
              "default": true
            }
          ],
          "store_path": "/nix/store/ghn47vhrvnjhxfi6mhyvxp7px2xy5z76-govulncheck-1.5.0"
        },
        "x86_64-linux": {
          "outputs": [
            {
              "name": "out",
              "path": "/nix/store/2r583m9ngrisf9nx6i12fwvpr5g3as0i-govulncheck-1.5.0",
              "default": true
            }
          ],
          "store_path": "/nix/store/2r583m9ngrisf9nx6i12fwvpr5g3as0i-govulncheck-1.5.0"
        }
      }
    },
    "podman@latest": {
      "last_modified": "2026-07-01T06:48:47Z",
      "resolved": "github:NixOS/nixpkgs/f76e4c7b1840704deda511ab34f37b829f6b5636#podman",
      "source": "devbox-search",
      "version": "5.8.4",
      "systems": {
        "aarch64-darwin": {
          "outputs": [
            {
              "name": "out",
              "path": "/nix/store/0dx0dd7p7n3dlkmrnk3fvmhzraw25cnc-podman-5.8.4",
              "default": true
            },
            {
              "name": "man",
              "path": "/nix/store/vngn92dy1rcdg7z7mcvdcyjd6r8b3995-podman-5.8.4-man",
              "default": true
            }
          ],
          "store_path": "/nix/store/0dx0dd7p7n3dlkmrnk3fvmhzraw25cnc-podman-5.8.4"
        },
        "aarch64-linux": {
          "outputs": [
            {
              "name": "out",
              "path": "/nix/store/wrgm4ha2k7g04yqlishw97n7j3fn2mah-podman-5.8.4",
              "default": true
            },
            {
              "name": "man",
              "path": "/nix/store/k86nsfyy4nhmjpmaiipmjw1bxj0qxc1i-podman-5.8.4-man",
              "default": true
            }
          ],
          "store_path": "/nix/store/wrgm4ha2k7g04yqlishw97n7j3fn2mah-podman-5.8.4"
        },
        "x86_64-darwin": {
          "outputs": [
            {
              "name": "out",
              "path": "/nix/store/vjrky6cijiw4g15ccw0iv8brk8qjmvyr-podman-5.8.4",
              "default": true
            },
            {
              "name": "man",
              "path": "/nix/store/rcmf6ds7m4zhbca6ckvigmad6q69phgn-podman-5.8.4-man",
              "default": true
            }
          ],
          "store_path": "/nix/store/vjrky6cijiw4g15ccw0iv8brk8qjmvyr-podman-5.8.4"
        },
        "x86_64-linux": {
          "outputs": [
            {
              "name": "out",
              "path": "/nix/store/12rmq9mj1l1sfkwpc17kbql7m8f1my1c-podman-5.8.4",
              "default": true
            },
            {
              "name": "man",
              "path": "/nix/store/js33dk8zdmdh433h6552fzard826a65b-podman-5.8.4-man",
              "default": true
            }
          ],
          "store_path": "/nix/store/12rmq9mj1l1sfkwpc17kbql7m8f1my1c-podman-5.8.4"
        }
      }
    }
  }
}
